
Microsoft Visual Studio Solution File, Format Version 12.00
# Visual Studio 15
VisualStudioVersion = 15.0.27130.2010
MinimumVisualStudioVersion = 10.0.40219.1
Project("{FAE04EC0-301F-11D3-BF4B-00C04F79EFBC}") = "Shuttle.MSBuild", "Shuttle.MSBuild\Shuttle.MSBuild.csproj", "{3954AABE-50E2-47E5-A221-3E47B73868A0}"
EndProject
Project("{FAE04EC0-301F-11D3-BF4B-00C04F79EFBC}") = "Shuttle.MSBuild.VisualStudio", "Shuttle.MSBuild.VisualStudio\Shuttle.MSBuild.VisualStudio.csproj", "{36C5290D-834E-4C20-B5E0-5D70D0995969}"
EndProject
Project("{FAE04EC0-301F-11D3-BF4B-00C04F79EFBC}") = "Shuttle.MSBuild.Tests", "Shuttle.MSBuild.Tests\Shuttle.MSBuild.Tests.csproj", "{4BE85060-B350-484B-B14D-076B68E8AA8C}"
EndProject
Project("{2150E333-8FDC-42A3-9474-1A3956D46DE8}") = ".build", ".build", "{F0776E9F-F59A-4593-8306-63649524CB09}"
	ProjectSection(SolutionItems) = preProject
		.build\Install.ps1 = .build\Install.ps1
		.build\package-template.nuspec = .build\package-template.nuspec
		.build\package.msbuild = .build\package.msbuild
		.build\package.msbuild.template = .build\package.msbuild.template
		.build\package.nuspec = .build\package.nuspec
		.build\package.nuspec.template = .build\package.nuspec.template
		.build\Shuttle.Core.MSBuild.targets = .build\Shuttle.Core.MSBuild.targets
	EndProjectSection
EndProject
Global
	GlobalSection(SolutionConfigurationPlatforms) = preSolution
		Debug|Any CPU = Debug|Any CPU
		Release|Any CPU = Release|Any CPU
	EndGlobalSection
	GlobalSection(ProjectConfigurationPlatforms) = postSolution
		{3954AABE-50E2-47E5-A221-3E47B73868A0}.Debug|Any CPU.ActiveCfg = Debug|Any CPU
		{3954AABE-50E2-47E5-A221-3E47B73868A0}.Debug|Any CPU.Build.0 = Debug|Any CPU
		{3954AABE-50E2-47E5-A221-3E47B73868A0}.Release|Any CPU.ActiveCfg = Release|Any CPU
		{3954AABE-50E2-47E5-A221-3E47B73868A0}.Release|Any CPU.Build.0 = Release|Any CPU
		{36C5290D-834E-4C20-B5E0-5D70D0995969}.Debug|Any CPU.ActiveCfg = Debug|Any CPU
		{36C5290D-834E-4C20-B5E0-5D70D0995969}.Debug|Any CPU.Build.0 = Debug|Any CPU
		{36C5290D-834E-4C20-B5E0-5D70D0995969}.Release|Any CPU.ActiveCfg = Release|Any CPU
		{36C5290D-834E-4C20-B5E0-5D70D0995969}.Release|Any CPU.Build.0 = Release|Any CPU
		{4BE85060-B350-484B-B14D-076B68E8AA8C}.Debug|Any CPU.ActiveCfg = Debug|Any CPU
		{4BE85060-B350-484B-B14D-076B68E8AA8C}.Debug|Any CPU.Build.0 = Debug|Any CPU
		{4BE85060-B350-484B-B14D-076B68E8AA8C}.Release|Any CPU.ActiveCfg = Release|Any CPU
		{4BE85060-B350-484B-B14D-076B68E8AA8C}.Release|Any CPU.Build.0 = Release|Any CPU
	EndGlobalSection
	GlobalSection(SolutionProperties) = preSolution
		HideSolutionNode = FALSE
	EndGlobalSection
	GlobalSection(ExtensibilityGlobals) = postSolution
		SolutionGuid = {6D1D3BFF-89CB-441B-9E50-20DA6403C92B}
	EndGlobalSection
EndGlobal
